
Microsoft Visual Studio Solution File, Format Version 12.00
# Visual Studio Version 17
VisualStudioVersion = 17.5.002.0
MinimumVisualStudioVersion = 10.0.40219.1
Project("{9A19103F-16F7-4668-BE54-9A1E7A4F7556}") = "Ex", "Ex.csproj", "{FD6890F0-4A57-491C-9BE3-AC28D5941A8A}"
EndProject
Global
	GlobalSection(SolutionConfigurationPlatforms) = preSolution
		Debug|Any CPU = Debug|Any CPU
		Release|Any CPU = Release|Any CPU
	EndGlobalSection
	GlobalSection(ProjectConfigurationPlatforms) = postSolution
		{FD6890F0-4A57-491C-9BE3-AC28D5941A8A}.Debug|Any CPU.ActiveCfg = Debug|Any CPU
		{FD6890F0-4A57-491C-9BE3-AC28D5941A8A}.Debug|Any CPU.Build.0 = Debug|Any CPU
		{FD6890F0-4A57-491C-9BE3-AC28D5941A8A}.Release|Any CPU.ActiveCfg = Release|Any CPU
		{FD6890F0-4A57-491C-9BE3-AC28D5941A8A}.Release|Any CPU.Build.0 = Release|Any CPU
	EndGlobalSection
	GlobalSection(SolutionProperties) = preSolution
		HideSolutionNode = FALSE
	EndGlobalSection
	GlobalSection(ExtensibilityGlobals) = postSolution
		SolutionGuid = {6532BCF3-8FAC-4EA2-9BB1-706B3F29D1BD}
	EndGlobalSection
EndGlobal
